
Microsoft Visual Studio Solution File, Format Version 12.00
# Visual Studio Version 17
VisualStudioVersion = 17.11.35303.130
MinimumVisualStudioVersion = 10.0.40219.1
Project("{FAE04EC0-301F-11D3-BF4B-00C04F79EFBC}") = "BattleShips", "BattleShips.csproj", "{879D1DD1-810F-45D0-B19E-10466552025F}"
EndProject
Project("{FAE04EC0-301F-11D3-BF4B-00C04F79EFBC}") = "BattleShips.Tests", "..\BattleShips.Tests\BattleShips.Tests.csproj", "{A0DE918F-EA7F-44D8-AECD-A0D5A3FE93BA}"
EndProject
Global
	GlobalSection(SolutionConfigurationPlatforms) = preSolution
		Debug|Any CPU = Debug|Any CPU
		Release|Any CPU = Release|Any CPU
	EndGlobalSection
	GlobalSection(ProjectConfigurationPlatforms) = postSolution
		{879D1DD1-810F-45D0-B19E-10466552025F}.Debug|Any CPU.ActiveCfg = Debug|Any CPU
		{879D1DD1-810F-45D0-B19E-10466552025F}.Debug|Any CPU.Build.0 = Debug|Any CPU
		{879D1DD1-810F-45D0-B19E-10466552025F}.Release|Any CPU.ActiveCfg = Release|Any CPU
		{879D1DD1-810F-45D0-B19E-10466552025F}.Release|Any CPU.Build.0 = Release|Any CPU
		{A0DE918F-EA7F-44D8-AECD-A0D5A3FE93BA}.Debug|Any CPU.ActiveCfg = Debug|Any CPU
		{A0DE918F-EA7F-44D8-AECD-A0D5A3FE93BA}.Debug|Any CPU.Build.0 = Debug|Any CPU
		{A0DE918F-EA7F-44D8-AECD-A0D5A3FE93BA}.Release|Any CPU.ActiveCfg = Release|Any CPU
		{A0DE918F-EA7F-44D8-AECD-A0D5A3FE93BA}.Release|Any CPU.Build.0 = Release|Any CPU
	EndGlobalSection
	GlobalSection(SolutionProperties) = preSolution
		HideSolutionNode = FALSE
	EndGlobalSection
	GlobalSection(ExtensibilityGlobals) = postSolution
		SolutionGuid = {A3A5A114-FB54-4D2B-ACDB-30CE4F508076}
	EndGlobalSection
EndGlobal
